#MicroXplorer Configuration settings - do not modify
#Tue Jan 20 08:42:30 CET 2015
File.Version=4
KeepUserPlacement=true
Mcu.Family=STM32L0
Mcu.IP0=NVIC
Mcu.IP1=RCC
Mcu.IP2=SPI1
Mcu.IP3=SYS
Mcu.IPNb=4
Mcu.Name=STM32L051K(6-8)Tx
Mcu.Package=LQFP32
Mcu.Pin0=PA2
Mcu.Pin1=PA3
Mcu.Pin10=PB4
Mcu.Pin11=PB5
Mcu.Pin12=PB6
Mcu.Pin2=PA4
Mcu.Pin3=PA5
Mcu.Pin4=PA6
Mcu.Pin5=PA7
Mcu.Pin6=PA13
Mcu.Pin7=PA14
Mcu.Pin8=PA15
Mcu.Pin9=PB3
Mcu.PinsNb=13
Mcu.UserName=STM32L051K8Tx
NVIC.SysTick_IRQn=true\:0\:0
PA13.Locked=true
PA13.Mode=Serial_Wire
PA13.Signal=SYS_SWDIO
PA14.Locked=true
PA14.Mode=Serial_Wire
PA14.Signal=SYS_SWCLK
PA15.Locked=true
PA15.Signal=GPIO_Output
PA2.Locked=true
PA2.Signal=GPIO_Input
PA3.Locked=true
PA3.Signal=GPIO_Input
PA4.Mode=NSS_Signal_Hard
PA4.Signal=SPI1_NSS
PA5.Locked=true
PA5.Mode=Full_Duplex_Master
PA5.Signal=SPI1_SCK
PA6.Locked=true
PA6.Mode=Full_Duplex_Master
PA6.Signal=SPI1_MISO
PA7.Locked=true
PA7.Mode=Full_Duplex_Master
PA7.Signal=SPI1_MOSI
PB3.Locked=true
PB3.Signal=GPXTI3
PB4.Locked=true
PB4.Signal=GPXTI4
PB5.Locked=true
PB5.Signal=GPXTI5
PB6.Locked=true
PB6.Signal=GPIO_Output
PCC.Family=STM32L0
PCC.MCU=STM32L051K(6-8)Tx
PCC.MXVersion=4.3.1
PCC.PartNumber=STM32L051K8Tx
PCC.Seq0=0
PCC.SubFamily=STM32L0x1
PCC.Temperature=25
PCC.Vdd=null
ProjectManager.AskForMigrate=true
ProjectManager.BackupPrevious=false
ProjectManager.CompilerOptimize=2
ProjectManager.ComputerToolchain=false
ProjectManager.CoupleFile=false
ProjectManager.DeletePrevious=true
ProjectManager.DeviceId=STM32L051K8Tx
ProjectManager.FirmwarePackage=STM32Cube FW_L0 V1.1.0
ProjectManager.FreePins=false
ProjectManager.HalAssertFull=false
ProjectManager.KeepUserCode=true
ProjectManager.LastFirmware=true
ProjectManager.LibraryCopy=0
ProjectManager.ProjectBuild=false
ProjectManager.ProjectFileName=kittchen_remote_L0.ioc
ProjectManager.ProjectName=kittchen_remote_L0
ProjectManager.TargetToolchain=TrueSTUDIO 5.0
RCC.FamilyName=M
RCC.HSI16_VALUE=16000000
RCC.HSI_VALUE=16000000
RCC.IPParameters=MSI_VALUE,PLLMUL,LSI_VALUE,FamilyName,MSIClockRange,HSI16_VALUE,SYSCLKSource,LSE_VALUE,HSI_VALUE
RCC.LSE_VALUE=32768
RCC.LSI_VALUE=37000
RCC.MSIClockRange=RCC_MSIRANGE_6
RCC.MSI_VALUE=4194000
RCC.PLLMUL=RCC_PLLMUL_4
RCC.SYSCLKSource=RCC_SYSCLKSOURCE_PLLCLK
SH.GPXTI3.0=GPIO_EXTI3
SH.GPXTI3.ConfNb=1
SH.GPXTI4.0=GPIO_EXTI4
SH.GPXTI4.ConfNb=1
SH.GPXTI5.0=GPIO_EXTI5
SH.GPXTI5.ConfNb=1
SPI1.BaudRatePrescaler-Full_Duplex_Master=SPI_BAUDRATEPRESCALER_16
SPI1.CalculateBaudRate-Full_Duplex_Master=2.0 MBits/s
SPI1.IPParameters=BaudRatePrescaler-Full_Duplex_Master,Mode-Full_Duplex_Master,CalculateBaudRate-Full_Duplex_Master,VirtualNSS
SPI1.Mode-Full_Duplex_Master=SPI_MODE_MASTER
SPI1.VirtualNSS=VM_NSSHARD
