#MicroXplorer Configuration settings - do not modify
#Mon Jan 19 16:40:31 CET 2015
File.Version=4
KeepUserPlacement=true
Mcu.Family=STM32F0
Mcu.IP0=NVIC
Mcu.IP1=RCC
Mcu.IP2=SPI1
Mcu.IP3=SYS
Mcu.IPNb=4
Mcu.Name=STM32F030K6Tx
Mcu.Package=LQFP32
Mcu.Pin0=PF0-OSC_IN
Mcu.Pin1=PF1-OSC_OUT
Mcu.Pin10=PA15
Mcu.Pin11=PB3
Mcu.Pin12=PB4
Mcu.Pin13=PB5
Mcu.Pin14=PB6
Mcu.Pin2=PA2
Mcu.Pin3=PA3
Mcu.Pin4=PA4
Mcu.Pin5=PA5
Mcu.Pin6=PA6
Mcu.Pin7=PA7
Mcu.Pin8=PA13
Mcu.Pin9=PA14
Mcu.PinsNb=15
Mcu.UserName=STM32F030K6Tx
NVIC.SysTick_IRQn=true\:0\:0
PA13.Locked=true
PA13.Mode=Serial-WireDebug
PA13.Signal=SYS_SWDIO
PA14.Locked=true
PA14.Mode=Serial-WireDebug
PA14.Signal=SYS_SWCLK
PA15.Locked=true
PA15.Signal=GPIO_Output
PA2.Locked=true
PA2.Signal=GPXTI2
PA3.Locked=true
PA3.Signal=GPIO_Input
PA4.Mode=NSS_Signal_Hard
PA4.Signal=SPI1_NSS
PA5.Mode=Full_Duplex_Master
PA5.Signal=SPI1_SCK
PA6.Mode=Full_Duplex_Master
PA6.Signal=SPI1_MISO
PA7.Mode=Full_Duplex_Master
PA7.Signal=SPI1_MOSI
PB3.Locked=true
PB3.Signal=GPXTI3
PB4.Locked=true
PB4.Signal=GPXTI4
PB5.Locked=true
PB5.Signal=GPXTI5
PB6.Locked=true
PB6.Signal=GPIO_Analog
PCC.Battery=Alkaline(AA LR6)
PCC.Battery.Capacity=2850.0
PCC.Battery.Compatibility=Yes
PCC.Battery.InParallel=1
PCC.Battery.InSeries=2
PCC.Battery.MaxContinuous=1000.0
PCC.Battery.MaxPulseCurrent=0.0
PCC.Battery.NominalVoltage=1.5
PCC.Battery.SelfDischarge=0.3
PCC.Family=STM32F0
PCC.MCU=STM32F030K6Tx
PCC.MXVersion=4.3.1
PCC.PartNumber=STM32F030K6Tx
PCC.Seq0=1
PCC.Seq0.Step0.Average_Current=11.69 mA
PCC.Seq0.Step0.CPU_Frequency=48.0 MHz
PCC.Seq0.Step0.DMIPS=0.0
PCC.Seq0.Step0.Duration=1 s
PCC.Seq0.Step0.Frequency=8.0 MHz
PCC.Seq0.Step0.Memory=RAM
PCC.Seq0.Step0.Mode=RUN
PCC.Seq0.Step0.Oscillator=HSEBYP PLL_ON
PCC.Seq0.Step0.Peripherals=GPIOA SPI1 SYSCFG
PCC.Seq0.Step0.User's_Consumption=0 mA
PCC.Seq0.Step0.Vcore=No Scale
PCC.SubFamily=STM32F030 Value Line
PCC.Temperature=25
PCC.Vdd=3.6
PF0-OSC_IN.Mode=HSE-External-Oscillator
PF0-OSC_IN.Signal=RCC_OSC_IN
PF1-OSC_OUT.Locked=true
PF1-OSC_OUT.Mode=HSE-External-Oscillator
PF1-OSC_OUT.Signal=RCC_OSC_OUT
RCC.FamilyName=M
RCC.HSE_VALUE=16000000
RCC.IPParameters=,PLLSource,PLLMUL,FamilyName,SYSCLKSource,HSE_VALUE
RCC.PLLMUL=RCC_PLL_MUL3
RCC.PLLSource=RCC_PLLSOURCE_HSE
RCC.SYSCLKSource=RCC_SYSCLKSOURCE_PLLCLK
SH.GPXTI2.0=GPIO_EXTI2
SH.GPXTI2.ConfNb=1
SH.GPXTI3.0=GPIO_EXTI3
SH.GPXTI3.ConfNb=1
SH.GPXTI4.0=GPIO_EXTI4
SH.GPXTI4.ConfNb=1
SH.GPXTI5.0=GPIO_EXTI5
SH.GPXTI5.ConfNb=1
SPI1.DataSize-Full_Duplex_Master=SPI_DATASIZE_8BIT
SPI1.IPParameters=Mode-Full_Duplex_Master,DataSize-Full_Duplex_Master,VirtualNSS
SPI1.Mode-Full_Duplex_Master=SPI_MODE_MASTER
SPI1.VirtualNSS=VM_NSSHARD
